{
  "requires": true,
  "lockfileVersion": 1,
  "dependencies": {
    "gsap": {
      "version": "npm:@gsap/shockingly@3.6.0",
      "resolved": "https://npm.greensock.com/@gsap%2fshockingly/-/shockingly-3.6.0.tgz",
      "integrity": "sha512-Rz2/SpkpiVTeLb8ONzUeTMUmSTZXhEFkl8BHW6Rx29L+k6E/GE/Pj5hMuWo4H3C1AKa3lxLC5wNdusIM1CO95w=="
    }
  }
}
